
Microsoft Visual Studio Solution File, Format Version 12.00
# Visual Studio Version 17
VisualStudioVersion = 17.8.34525.116
MinimumVisualStudioVersion = 10.0.40219.1
Project("{F184B08F-C81C-45F6-A57F-5ABD9991F28F}") = "ctl-nginx", "ctl-nginx\ctl-nginx.vbproj", "{F987AE24-5717-43E3-96E8-6FC37618C6C3}"
EndProject
Global
	GlobalSection(SolutionConfigurationPlatforms) = preSolution
		Debug|Any CPU = Debug|Any CPU
		Release|Any CPU = Release|Any CPU
	EndGlobalSection
	GlobalSection(ProjectConfigurationPlatforms) = postSolution
		{F987AE24-5717-43E3-96E8-6FC37618C6C3}.Debug|Any CPU.ActiveCfg = Debug|Any CPU
		{F987AE24-5717-43E3-96E8-6FC37618C6C3}.Debug|Any CPU.Build.0 = Debug|Any CPU
		{F987AE24-5717-43E3-96E8-6FC37618C6C3}.Release|Any CPU.ActiveCfg = Release|Any CPU
		{F987AE24-5717-43E3-96E8-6FC37618C6C3}.Release|Any CPU.Build.0 = Release|Any CPU
	EndGlobalSection
	GlobalSection(SolutionProperties) = preSolution
		HideSolutionNode = FALSE
	EndGlobalSection
	GlobalSection(ExtensibilityGlobals) = postSolution
		SolutionGuid = {93356B06-F5AB-4984-8E89-6C9D83234DE8}
	EndGlobalSection
EndGlobal
